// !$*UTF8*$!
{
	archiveVersion = 1;
	classes = {
	};
	objectVersion = 46;
	objects = {

/* Begin PBXBuildFile section */
		32A810EF1B4265A80085397C /* main.m in Sources */ = {isa = PBXBuildFile; fileRef = 32A810EE1B4265A80085397C /* main.m */; };
		32A810F21B4265A80085397C /* AppDelegate.m in Sources */ = {isa = PBXBuildFile; fileRef = 32A810F11B4265A80085397C /* AppDelegate.m */; };
		32A810F51B4265A80085397C /* ViewController.m in Sources */ = {isa = PBXBuildFile; fileRef = 32A810F41B4265A80085397C /* ViewController.m */; };
		32A810F81B4265A80085397C /* Main.storyboard in Resources */ = {isa = PBXBuildFile; fileRef = 32A810F61B4265A80085397C /* Main.storyboard */; };
		32A810FA1B4265A80085397C /* Images.xcassets in Resources */ = {isa = PBXBuildFile; fileRef = 32A810F91B4265A80085397C /* Images.xcassets */; };
		32A810FD1B4265A80085397C /* LaunchScreen.xib in Resources */ = {isa = PBXBuildFile; fileRef = 32A810FB1B4265A80085397C /* LaunchScreen.xib */; };
		32A811091B4265A80085397C /* apnsDemoTests.m in Sources */ = {isa = PBXBuildFile; fileRef = 32A811081B4265A80085397C /* apnsDemoTests.m */; };
/* End PBXBuildFile section */

/* Begin PBXContainerItemProxy section */
		32A811031B4265A80085397C /* PBXContainerItemProxy */ = {
			isa = PBXContainerItemProxy;
			containerPortal = 32A810E11B4265A80085397C /* Project object */;
			proxyType = 1;
			remoteGlobalIDString = 32A810E81B4265A80085397C;
			remoteInfo = apnsDemo;
		};
/* End PBXContainerItemProxy section */

/* Begin PBXFileReference section */
		32A810E91B4265A80085397C /* apnsDemo.app */ = {isa = PBXFileReference; explicitFileType = wrapper.application; includeInIndex = 0; path = apnsDemo.app; sourceTree = BUILT_PRODUCTS_DIR; };
		32A810ED1B4265A80085397C /* Info.plist */ = {isa = PBXFileReference; lastKnownFileType = text.plist.xml; path = Info.plist; sourceTree = "<group>"; };
		32A810EE1B4265A80085397C /* main.m */ = {isa = PBXFileReference; lastKnownFileType = sourcecode.c.objc; path = main.m; sourceTree = "<group>"; };
		32A810F01B4265A80085397C /* AppDelegate.h */ = {isa = PBXFileReference; lastKnownFileType = sourcecode.c.h; path = AppDelegate.h; sourceTree = "<group>"; };
		32A810F11B4265A80085397C /* AppDelegate.m */ = {isa = PBXFileReference; lastKnownFileType = sourcecode.c.objc; path = AppDelegate.m; sourceTree = "<group>"; };
		32A810F31B4265A80085397C /* ViewController.h */ = {isa = PBXFileReference; lastKnownFileType = sourcecode.c.h; path = ViewController.h; sourceTree = "<group>"; };
		32A810F41B4265A80085397C /* ViewController.m */ = {isa = PBXFileReference; lastKnownFileType = sourcecode.c.objc; path = ViewController.m; sourceTree = "<group>"; };
		32A810F71B4265A80085397C /* Base */ = {isa = PBXFileReference; lastKnownFileType = file.storyboard; name = Base; path = Base.lproj/Main.storyboard; sourceTree = "<group>"; };
		32A810F91B4265A80085397C /* Images.xcassets */ = {isa = PBXFileReference; lastKnownFileType = folder.assetcatalog; path = Images.xcassets; sourceTree = "<group>"; };
		32A810FC1B4265A80085397C /* Base */ = {isa = PBXFileReference; lastKnownFileType = file.xib; name = Base; path = Base.lproj/LaunchScreen.xib; sourceTree = "<group>"; };
		32A811021B4265A80085397C /* apnsDemoTests.xctest */ = {isa = PBXFileReference; explicitFileType = wrapper.cfbundle; includeInIndex = 0; path = apnsDemoTests.xctest; sourceTree = BUILT_PRODUCTS_DIR; };
		32A811071B4265A80085397C /* Info.plist */ = {isa = PBXFileReference; lastKnownFileType = text.plist.xml; path = Info.plist; sourceTree = "<group>"; };
		32A811081B4265A80085397C /* apnsDemoTests.m */ = {isa = PBXFileReference; lastKnownFileType = sourcecode.c.objc; path = apnsDemoTests.m; sourceTree = "<group>"; };
/* End PBXFileReference section */

/* Begin PBXFrameworksBuildPhase section */
		32A810E61B4265A80085397C /* Frameworks */ = {
			isa = PBXFrameworksBuildPhase;
			buildActionMask = 2147483647;
			files = (
			);
			runOnlyForDeploymentPostprocessing = 0;
		};
		32A810FF1B4265A80085397C /* Frameworks */ = {
			isa = PBXFrameworksBuildPhase;
			buildActionMask = 2147483647;
			files = (
			);
			runOnlyForDeploymentPostprocessing = 0;
		};
/* End PBXFrameworksBuildPhase section */

/* Begin PBXGroup section */
		32A810E01B4265A80085397C = {
			isa = PBXGroup;
			children = (
				32A810EB1B4265A80085397C /* apnsDemo */,
				32A811051B4265A80085397C /* apnsDemoTests */,
				32A810EA1B4265A80085397C /* Products */,
			);
			sourceTree = "<group>";
		};
		32A810EA1B4265A80085397C /* Products */ = {
			isa = PBXGroup;
			children = (
				32A810E91B4265A80085397C /* apnsDemo.app */,
				32A811021B4265A80085397C /* apnsDemoTests.xctest */,
			);
			name = Products;
			sourceTree = "<group>";
		};
		32A810EB1B4265A80085397C /* apnsDemo */ = {
			isa = PBXGroup;
			children = (
				32A810F01B4265A80085397C /* AppDelegate.h */,
				32A810F11B4265A80085397C /* AppDelegate.m */,
				32A810F31B4265A80085397C /* ViewController.h */,
				32A810F41B4265A80085397C /* ViewController.m */,
				32A810F61B4265A80085397C /* Main.storyboard */,
				32A810F91B4265A80085397C /* Images.xcassets */,
				32A810FB1B4265A80085397C /* LaunchScreen.xib */,
				32A810EC1B4265A80085397C /* Supporting Files */,
			);
			path = apnsDemo;
			sourceTree = "<group>";
		};
		32A810EC1B4265A80085397C /* Supporting Files */ = {
			isa = PBXGroup;
			children = (
				32A810ED1B4265A80085397C /* Info.plist */,
				32A810EE1B4265A80085397C /* main.m */,
			);
			name = "Supporting Files";
			sourceTree = "<group>";
		};
		32A811051B4265A80085397C /* apnsDemoTests */ = {
			isa = PBXGroup;
			children = (
				32A811081B4265A80085397C /* apnsDemoTests.m */,
				32A811061B4265A80085397C /* Supporting Files */,
			);
			path = apnsDemoTests;
			sourceTree = "<group>";
		};
		32A811061B4265A80085397C /* Supporting Files */ = {
			isa = PBXGroup;
			children = (
				32A811071B4265A80085397C /* Info.plist */,
			);
			name = "Supporting Files";
			sourceTree = "<group>";
		};
/* End PBXGroup section */

/* Begin PBXNativeTarget section */
		32A810E81B4265A80085397C /* apnsDemo */ = {
			isa = PBXNativeTarget;
			buildConfigurationList = 32A8110C1B4265A80085397C /* Build configuration list for PBXNativeTarget "apnsDemo" */;
			buildPhases = (
				32A810E51B4265A80085397C /* Sources */,
				32A810E61B4265A80085397C /* Frameworks */,
				32A810E71B4265A80085397C /* Resources */,
			);
			buildRules = (
			);
			dependencies = (
			);
			name = apnsDemo;
			productName = apnsDemo;
			productReference = 32A810E91B4265A80085397C /* apnsDemo.app */;
			productType = "com.apple.product-type.application";
		};
		32A811011B4265A80085397C /* apnsDemoTests */ = {
			isa = PBXNativeTarget;
			buildConfigurationList = 32A8110F1B4265A80085397C /* Build configuration list for PBXNativeTarget "apnsDemoTests" */;
			buildPhases = (
				32A810FE1B4265A80085397C /* Sources */,
				32A810FF1B4265A80085397C /* Frameworks */,
				32A811001B4265A80085397C /* Resources */,
			);
			buildRules = (
			);
			dependencies = (
				32A811041B4265A80085397C /* PBXTargetDependency */,
			);
			name = apnsDemoTests;
			productName = apnsDemoTests;
			productReference = 32A811021B4265A80085397C /* apnsDemoTests.xctest */;
			productType = "com.apple.product-type.bundle.unit-test";
		};
/* End PBXNativeTarget section */

/* Begin PBXProject section */
		32A810E11B4265A80085397C /* Project object */ = {
			isa = PBXProject;
			attributes = {
				LastUpgradeCheck = 0630;
				ORGANIZATIONNAME = chisalsoft;
				TargetAttributes = {
					32A810E81B4265A80085397C = {
						CreatedOnToolsVersion = 6.3;
					};
					32A811011B4265A80085397C = {
						CreatedOnToolsVersion = 6.3;
						TestTargetID = 32A810E81B4265A80085397C;
					};
				};
			};
			buildConfigurationList = 32A810E41B4265A80085397C /* Build configuration list for PBXProject "apnsDemo" */;
			compatibilityVersion = "Xcode 3.2";
			developmentRegion = English;
			hasScannedForEncodings = 0;
			knownRegions = (
				en,
				Base,
			);
			mainGroup = 32A810E01B4265A80085397C;
			productRefGroup = 32A810EA1B4265A80085397C /* Products */;
			projectDirPath = "";
			projectRoot = "";
			targets = (
				32A810E81B4265A80085397C /* apnsDemo */,
				32A811011B4265A80085397C /* apnsDemoTests */,
			);
		};
/* End PBXProject section */

/* Begin PBXResourcesBuildPhase section */
		32A810E71B4265A80085397C /* Resources */ = {
			isa = PBXResourcesBuildPhase;
			buildActionMask = 2147483647;
			files = (
				32A810F81B4265A80085397C /* Main.storyboard in Resources */,
				32A810FD1B4265A80085397C /* LaunchScreen.xib in Resources */,
				32A810FA1B4265A80085397C /* Images.xcassets in Resources */,
			);
			runOnlyForDeploymentPostprocessing = 0;
		};
		32A811001B4265A80085397C /* Resources */ = {
			isa = PBXResourcesBuildPhase;
			buildActionMask = 2147483647;
			files = (
			);
			runOnlyForDeploymentPostprocessing = 0;
		};
/* End PBXResourcesBuildPhase section */

/* Begin PBXSourcesBuildPhase section */
		32A810E51B4265A80085397C /* Sources */ = {
			isa = PBXSourcesBuildPhase;
			buildActionMask = 2147483647;
			files = (
				32A810F51B4265A80085397C /* ViewController.m in Sources */,
				32A810F21B4265A80085397C /* AppDelegate.m in Sources */,
				32A810EF1B4265A80085397C /* main.m in Sources */,
			);
			runOnlyForDeploymentPostprocessing = 0;
		};
		32A810FE1B4265A80085397C /* Sources */ = {
			isa = PBXSourcesBuildPhase;
			buildActionMask = 2147483647;
			files = (
				32A811091B4265A80085397C /* apnsDemoTests.m in Sources */,
			);
			runOnlyForDeploymentPostprocessing = 0;
		};
/* End PBXSourcesBuildPhase section */

/* Begin PBXTargetDependency section */
		32A811041B4265A80085397C /* PBXTargetDependency */ = {
			isa = PBXTargetDependency;
			target = 32A810E81B4265A80085397C /* apnsDemo */;
			targetProxy = 32A811031B4265A80085397C /* PBXContainerItemProxy */;
		};
/* End PBXTargetDependency section */

/* Begin PBXVariantGroup section */
		32A810F61B4265A80085397C /* Main.storyboard */ = {
			isa = PBXVariantGroup;
			children = (
				32A810F71B4265A80085397C /* Base */,
			);
			name = Main.storyboard;
			sourceTree = "<group>";
		};
		32A810FB1B4265A80085397C /* LaunchScreen.xib */ = {
			isa = PBXVariantGroup;
			children = (
				32A810FC1B4265A80085397C /* Base */,
			);
			name = LaunchScreen.xib;
			sourceTree = "<group>";
		};
/* End PBXVariantGroup section */

/* Begin XCBuildConfiguration section */
		32A8110A1B4265A80085397C /* Debug */ = {
			isa = XCBuildConfiguration;
			buildSettings = {
				ALWAYS_SEARCH_USER_PATHS = NO;
				CLANG_CXX_LANGUAGE_STANDARD = "gnu++0x";
				CLANG_CXX_LIBRARY = "libc++";
				CLANG_ENABLE_MODULES = YES;
				CLANG_ENABLE_OBJC_ARC = YES;
				CLANG_WARN_BOOL_CONVERSION = YES;
				CLANG_WARN_CONSTANT_CONVERSION = YES;
				CLANG_WARN_DIRECT_OBJC_ISA_USAGE = YES_ERROR;
				CLANG_WARN_EMPTY_BODY = YES;
				CLANG_WARN_ENUM_CONVERSION = YES;
				CLANG_WARN_INT_CONVERSION = YES;
				CLANG_WARN_OBJC_ROOT_CLASS = YES_ERROR;
				CLANG_WARN_UNREACHABLE_CODE = YES;
				CLANG_WARN__DUPLICATE_METHOD_MATCH = YES;
				"CODE_SIGN_IDENTITY[sdk=iphoneos*]" = "iPhone Developer";
				COPY_PHASE_STRIP = NO;
				DEBUG_INFORMATION_FORMAT = "dwarf-with-dsym";
				ENABLE_STRICT_OBJC_MSGSEND = YES;
				GCC_C_LANGUAGE_STANDARD = gnu99;
				GCC_DYNAMIC_NO_PIC = NO;
				GCC_NO_COMMON_BLOCKS = YES;
				GCC_OPTIMIZATION_LEVEL = 0;
				GCC_PREPROCESSOR_DEFINITIONS = (
					"DEBUG=1",
					"$(inherited)",
				);
				GCC_SYMBOLS_PRIVATE_EXTERN = NO;
				GCC_WARN_64_TO_32_BIT_CONVERSION = YES;
				GCC_WARN_ABOUT_RETURN_TYPE = YES_ERROR;
				GCC_WARN_UNDECLARED_SELECTOR = YES;
				GCC_WARN_UNINITIALIZED_AUTOS = YES_AGGRESSIVE;
				GCC_WARN_UNUSED_FUNCTION = YES;
				GCC_WARN_UNUSED_VARIABLE = YES;
				IPHONEOS_DEPLOYMENT_TARGET = 8.3;
				MTL_ENABLE_DEBUG_INFO = YES;
				ONLY_ACTIVE_ARCH = YES;
				SDKROOT = iphoneos;
			};
			name = Debug;
		};
		32A8110B1B4265A80085397C /* Release */ = {
			isa = XCBuildConfiguration;
			buildSettings = {
				ALWAYS_SEARCH_USER_PATHS = NO;
				CLANG_CXX_LANGUAGE_STANDARD = "gnu++0x";
				CLANG_CXX_LIBRARY = "libc++";
				CLANG_ENABLE_MODULES = YES;
				CLANG_ENABLE_OBJC_ARC = YES;
				CLANG_WARN_BOOL_CONVERSION = YES;
				CLANG_WARN_CONSTANT_CONVERSION = YES;
				CLANG_WARN_DIRECT_OBJC_ISA_USAGE = YES_ERROR;
				CLANG_WARN_EMPTY_BODY = YES;
				CLANG_WARN_ENUM_CONVERSION = YES;
				CLANG_WARN_INT_CONVERSION = YES;
				CLANG_WARN_OBJC_ROOT_CLASS = YES_ERROR;
				CLANG_WARN_UNREACHABLE_CODE = YES;
				CLANG_WARN__DUPLICATE_METHOD_MATCH = YES;
				"CODE_SIGN_IDENTITY[sdk=iphoneos*]" = "iPhone Developer";
				COPY_PHASE_STRIP = NO;
				DEBUG_INFORMATION_FORMAT = "dwarf-with-dsym";
				ENABLE_NS_ASSERTIONS = NO;
				ENABLE_STRICT_OBJC_MSGSEND = YES;
				GCC_C_LANGUAGE_STANDARD = gnu99;
				GCC_NO_COMMON_BLOCKS = YES;
				GCC_WARN_64_TO_32_BIT_CONVERSION = YES;
				GCC_WARN_ABOUT_RETURN_TYPE = YES_ERROR;
				GCC_WARN_UNDECLARED_SELECTOR = YES;
				GCC_WARN_UNINITIALIZED_AUTOS = YES_AGGRESSIVE;
				GCC_WARN_UNUSED_FUNCTION = YES;
				GCC_WARN_UNUSED_VARIABLE = YES;
				IPHONEOS_DEPLOYMENT_TARGET = 8.3;
				MTL_ENABLE_DEBUG_INFO = NO;
				SDKROOT = iphoneos;
				VALIDATE_PRODUCT = YES;
			};
			name = Release;
		};
		32A8110D1B4265A80085397C /* Debug */ = {
			isa = XCBuildConfiguration;
			buildSettings = {
				ASSETCATALOG_COMPILER_APPICON_NAME = AppIcon;
				INFOPLIST_FILE = apnsDemo/Info.plist;
				LD_RUNPATH_SEARCH_PATHS = "$(inherited) @executable_path/Frameworks";
				PRODUCT_NAME = "$(TARGET_NAME)";
			};
			name = Debug;
		};
		32A8110E1B4265A80085397C /* Release */ = {
			isa = XCBuildConfiguration;
			buildSettings = {
				ASSETCATALOG_COMPILER_APPICON_NAME = AppIcon;
				INFOPLIST_FILE = apnsDemo/Info.plist;
				LD_RUNPATH_SEARCH_PATHS = "$(inherited) @executable_path/Frameworks";
				PRODUCT_NAME = "$(TARGET_NAME)";
			};
			name = Release;
		};
		32A811101B4265A80085397C /* Debug */ = {
			isa = XCBuildConfiguration;
			buildSettings = {
				BUNDLE_LOADER = "$(TEST_HOST)";
				FRAMEWORK_SEARCH_PATHS = (
					"$(SDKROOT)/Developer/Library/Frameworks",
					"$(inherited)",
				);
				GCC_PREPROCESSOR_DEFINITIONS = (
					"DEBUG=1",
					"$(inherited)",
				);
				INFOPLIST_FILE = apnsDemoTests/Info.plist;
				LD_RUNPATH_SEARCH_PATHS = "$(inherited) @executable_path/Frameworks @loader_path/Frameworks";
				PRODUCT_NAME = "$(TARGET_NAME)";
				TEST_HOST = "$(BUILT_PRODUCTS_DIR)/apnsDemo.app/apnsDemo";
			};
			name = Debug;
		};
		32A811111B4265A80085397C /* Release */ = {
			isa = XCBuildConfiguration;
			buildSettings = {
				BUNDLE_LOADER = "$(TEST_HOST)";
				FRAMEWORK_SEARCH_PATHS = (
					"$(SDKROOT)/Developer/Library/Frameworks",
					"$(inherited)",
				);
				INFOPLIST_FILE = apnsDemoTests/Info.plist;
				LD_RUNPATH_SEARCH_PATHS = "$(inherited) @executable_path/Frameworks @loader_path/Frameworks";
				PRODUCT_NAME = "$(TARGET_NAME)";
				TEST_HOST = "$(BUILT_PRODUCTS_DIR)/apnsDemo.app/apnsDemo";
			};
			name = Release;
		};
/* End XCBuildConfiguration section */

/* Begin XCConfigurationList section */
		32A810E41B4265A80085397C /* Build configuration list for PBXProject "apnsDemo" */ = {
			isa = XCConfigurationList;
			buildConfigurations = (
				32A8110A1B4265A80085397C /* Debug */,
				32A8110B1B4265A80085397C /* Release */,
			);
			defaultConfigurationIsVisible = 0;
			defaultConfigurationName = Release;
		};
		32A8110C1B4265A80085397C /* Build configuration list for PBXNativeTarget "apnsDemo" */ = {
			isa = XCConfigurationList;
			buildConfigurations = (
				32A8110D1B4265A80085397C /* Debug */,
				32A8110E1B4265A80085397C /* Release */,
			);
			defaultConfigurationIsVisible = 0;
		};
		32A8110F1B4265A80085397C /* Build configuration list for PBXNativeTarget "apnsDemoTests" */ = {
			isa = XCConfigurationList;
			buildConfigurations = (
				32A811101B4265A80085397C /* Debug */,
				32A811111B4265A80085397C /* Release */,
			);
			defaultConfigurationIsVisible = 0;
		};
/* End XCConfigurationList section */
	};
	rootObject = 32A810E11B4265A80085397C /* Project object */;
}
